
Microsoft Visual Studio Solution File, Format Version 12.00
# Visual Studio Version 16
VisualStudioVersion = 25.0.1703.5
MinimumVisualStudioVersion = 10.0.40219.1
Project("{FAE04EC0-301F-11D3-BF4B-00C04F79EFBC}") = "cp_2_enterprise", "cp_2_enterprise\cp_2_enterprise.csproj", "{BEEDFA82-D942-42F6-A0CA-9A82872ABBB4}"
EndProject
Global
	GlobalSection(SolutionConfigurationPlatforms) = preSolution
		Debug|Any CPU = Debug|Any CPU
		Release|Any CPU = Release|Any CPU
	EndGlobalSection
	GlobalSection(ProjectConfigurationPlatforms) = postSolution
		{BEEDFA82-D942-42F6-A0CA-9A82872ABBB4}.Debug|Any CPU.ActiveCfg = Debug|Any CPU
		{BEEDFA82-D942-42F6-A0CA-9A82872ABBB4}.Debug|Any CPU.Build.0 = Debug|Any CPU
		{BEEDFA82-D942-42F6-A0CA-9A82872ABBB4}.Release|Any CPU.ActiveCfg = Release|Any CPU
		{BEEDFA82-D942-42F6-A0CA-9A82872ABBB4}.Release|Any CPU.Build.0 = Release|Any CPU
	EndGlobalSection
	GlobalSection(SolutionProperties) = preSolution
		HideSolutionNode = FALSE
	EndGlobalSection
	GlobalSection(ExtensibilityGlobals) = postSolution
		SolutionGuid = {AEDF13B8-12A5-44E2-A1F7-73A8E17BD576}
	EndGlobalSection
EndGlobal
